// !$*UTF8*$!
{
	archiveVersion = 1;
	classes = {
	};
	objectVersion = 46;
	objects = {

/* Begin PBXBuildFile section */
		6910F05219768F7B009968AD /* ModAccessories.m in Sources */ = {isa = PBXBuildFile; fileRef = 6910F05119768F7B009968AD /* ModAccessories.m */; };
		6910F05519768FA3009968AD /* ModAccessoriesStore.m in Sources */ = {isa = PBXBuildFile; fileRef = 6910F05419768FA3009968AD /* ModAccessoriesStore.m */; };
		691852DE197542470098974F /* Foundation.framework in Frameworks */ = {isa = PBXBuildFile; fileRef = 691852DD197542470098974F /* Foundation.framework */; };
		691852E0197542470098974F /* CoreGraphics.framework in Frameworks */ = {isa = PBXBuildFile; fileRef = 691852DF197542470098974F /* CoreGraphics.framework */; };
		691852E2197542470098974F /* UIKit.framework in Frameworks */ = {isa = PBXBuildFile; fileRef = 691852E1197542470098974F /* UIKit.framework */; };
		691852E8197542470098974F /* InfoPlist.strings in Resources */ = {isa = PBXBuildFile; fileRef = 691852E6197542470098974F /* InfoPlist.strings */; };
		691852EA197542470098974F /* main.m in Sources */ = {isa = PBXBuildFile; fileRef = 691852E9197542470098974F /* main.m */; };
		691852EE197542470098974F /* ModAppDelegate.m in Sources */ = {isa = PBXBuildFile; fileRef = 691852ED197542470098974F /* ModAppDelegate.m */; };
		691852F1197542470098974F /* Main.storyboard in Resources */ = {isa = PBXBuildFile; fileRef = 691852EF197542470098974F /* Main.storyboard */; };
		691852F4197542470098974F /* ModViewController.m in Sources */ = {isa = PBXBuildFile; fileRef = 691852F3197542470098974F /* ModViewController.m */; };
		691852F6197542470098974F /* Images.xcassets in Resources */ = {isa = PBXBuildFile; fileRef = 691852F5197542470098974F /* Images.xcassets */; };
		691852FD197542470098974F /* XCTest.framework in Frameworks */ = {isa = PBXBuildFile; fileRef = 691852FC197542470098974F /* XCTest.framework */; };
		691852FE197542470098974F /* Foundation.framework in Frameworks */ = {isa = PBXBuildFile; fileRef = 691852DD197542470098974F /* Foundation.framework */; };
		691852FF197542470098974F /* UIKit.framework in Frameworks */ = {isa = PBXBuildFile; fileRef = 691852E1197542470098974F /* UIKit.framework */; };
		69185307197542470098974F /* InfoPlist.strings in Resources */ = {isa = PBXBuildFile; fileRef = 69185305197542470098974F /* InfoPlist.strings */; };
		69185309197542470098974F /* modafyTests.m in Sources */ = {isa = PBXBuildFile; fileRef = 69185308197542470098974F /* modafyTests.m */; };
		6921375819767A300062023C /* ModItems.m in Sources */ = {isa = PBXBuildFile; fileRef = 6921375719767A300062023C /* ModItems.m */; };
		6921375D19767B490062023C /* ModBag.m in Sources */ = {isa = PBXBuildFile; fileRef = 6921375C19767B490062023C /* ModBag.m */; };
		6921376019767B6A0062023C /* ModBagStore.m in Sources */ = {isa = PBXBuildFile; fileRef = 6921375F19767B6A0062023C /* ModBagStore.m */; };
		69B6231D1976688F0028AC51 /* ModShoeStore.m in Sources */ = {isa = PBXBuildFile; fileRef = 69B6231C1976688F0028AC51 /* ModShoeStore.m */; };
		69B62320197668D60028AC51 /* ModShoe.m in Sources */ = {isa = PBXBuildFile; fileRef = 69B6231F197668D60028AC51 /* ModShoe.m */; };
		69CFD73719755241008243B5 /* ModClothing.m in Sources */ = {isa = PBXBuildFile; fileRef = 69CFD73019755241008243B5 /* ModClothing.m */; };
		69CFD73819755241008243B5 /* ModPants.m in Sources */ = {isa = PBXBuildFile; fileRef = 69CFD73219755241008243B5 /* ModPants.m */; };
		69CFD73919755241008243B5 /* ModShirt.m in Sources */ = {isa = PBXBuildFile; fileRef = 69CFD73419755241008243B5 /* ModShirt.m */; };
		69CFD73A19755241008243B5 /* ModTopStore.m in Sources */ = {isa = PBXBuildFile; fileRef = 69CFD73619755241008243B5 /* ModTopStore.m */; };
		69CFD7411975757A008243B5 /* ModPantsStore.m in Sources */ = {isa = PBXBuildFile; fileRef = 69CFD7401975757A008243B5 /* ModPantsStore.m */; };
		69CFD74919758FF0008243B5 /* b3.png in Resources */ = {isa = PBXBuildFile; fileRef = 69CFD74819758FF0008243B5 /* b3.png */; };
		69CFD74B19758FF8008243B5 /* b4.png in Resources */ = {isa = PBXBuildFile; fileRef = 69CFD74A19758FF8008243B5 /* b4.png */; };
		D3015C2A19766B6900564254 /* shirt4.png in Resources */ = {isa = PBXBuildFile; fileRef = D3015C2919766B6800564254 /* shirt4.png */; };
		D3015C2D19766C1200564254 /* long35.png in Resources */ = {isa = PBXBuildFile; fileRef = D3015C2B19766C1200564254 /* long35.png */; };
		D3015C2E19766C1200564254 /* ripped1.png in Resources */ = {isa = PBXBuildFile; fileRef = D3015C2C19766C1200564254 /* ripped1.png */; };
		D3015C3119766C9000564254 /* platform1.png in Resources */ = {isa = PBXBuildFile; fileRef = D3015C2F19766C9000564254 /* platform1.png */; };
		D3015C3219766C9000564254 /* sandals2.png in Resources */ = {isa = PBXBuildFile; fileRef = D3015C3019766C9000564254 /* sandals2.png */; };
		D3015C3419766F9400564254 /* s20.png in Resources */ = {isa = PBXBuildFile; fileRef = D3015C3319766F9400564254 /* s20.png */; };
		D3015C3619766F9C00564254 /* s11.png in Resources */ = {isa = PBXBuildFile; fileRef = D3015C3519766F9C00564254 /* s11.png */; };
		D3015C3819766FA400564254 /* s1.png in Resources */ = {isa = PBXBuildFile; fileRef = D3015C3719766FA400564254 /* s1.png */; };
		D330F5A619767663005CAA9B /* a3.png in Resources */ = {isa = PBXBuildFile; fileRef = D330F5A519767663005CAA9B /* a3.png */; };
		D330F5A8197676EF005CAA9B /* black269.png in Resources */ = {isa = PBXBuildFile; fileRef = D330F5A7197676EF005CAA9B /* black269.png */; };
		D330F5AA19767825005CAA9B /* scarf.jpeg in Resources */ = {isa = PBXBuildFile; fileRef = D330F5A919767825005CAA9B /* scarf.jpeg */; };
		D330F5AC197678E0005CAA9B /* pearls.png in Resources */ = {isa = PBXBuildFile; fileRef = D330F5AB197678E0005CAA9B /* pearls.png */; };
		D330F5AE19767958005CAA9B /* b10.png in Resources */ = {isa = PBXBuildFile; fileRef = D330F5AD19767958005CAA9B /* b10.png */; };
		D330F5B019767A62005CAA9B /* t12.png in Resources */ = {isa = PBXBuildFile; fileRef = D330F5AF19767A62005CAA9B /* t12.png */; };
		D330F5B219767A83005CAA9B /* t5.png in Resources */ = {isa = PBXBuildFile; fileRef = D330F5B119767A83005CAA9B /* t5.png */; };
		D330F5B419767AC4005CAA9B /* t2.png in Resources */ = {isa = PBXBuildFile; fileRef = D330F5B319767AC4005CAA9B /* t2.png */; };
		D330F5B619767B47005CAA9B /* s15.png in Resources */ = {isa = PBXBuildFile; fileRef = D330F5B519767B47005CAA9B /* s15.png */; };
		D330F5BA19767FD3005CAA9B /* modafy.png in Resources */ = {isa = PBXBuildFile; fileRef = D330F5B919767FD3005CAA9B /* modafy.png */; };
		D330F5BC197680E3005CAA9B /* a4.png in Resources */ = {isa = PBXBuildFile; fileRef = D330F5BB197680E3005CAA9B /* a4.png */; };
		D3CF80381976680F008ADDEC /* b4.png in Resources */ = {isa = PBXBuildFile; fileRef = D3CF80371976680F008ADDEC /* b4.png */; };
		D3CF803A19766814008ADDEC /* b3.png in Resources */ = {isa = PBXBuildFile; fileRef = D3CF803919766814008ADDEC /* b3.png */; };
		D3EFB59519755911003602C1 /* lions-shirt.png in Resources */ = {isa = PBXBuildFile; fileRef = D3EFB59319755911003602C1 /* lions-shirt.png */; };
		D3EFB59619755911003602C1 /* RD-T-Shirt.png in Resources */ = {isa = PBXBuildFile; fileRef = D3EFB59419755911003602C1 /* RD-T-Shirt.png */; };
/* End PBXBuildFile section */

/* Begin PBXContainerItemProxy section */
		69185300197542470098974F /* PBXContainerItemProxy */ = {
			isa = PBXContainerItemProxy;
			containerPortal = 691852D2197542470098974F /* Project object */;
			proxyType = 1;
			remoteGlobalIDString = 691852D9197542470098974F;
			remoteInfo = modafy;
		};
/* End PBXContainerItemProxy section */

/* Begin PBXFileReference section */
		6910F05019768F7B009968AD /* ModAccessories.h */ = {isa = PBXFileReference; fileEncoding = 4; lastKnownFileType = sourcecode.c.h; path = ModAccessories.h; sourceTree = "<group>"; };
		6910F05119768F7B009968AD /* ModAccessories.m */ = {isa = PBXFileReference; fileEncoding = 4; lastKnownFileType = sourcecode.c.objc; path = ModAccessories.m; sourceTree = "<group>"; };
		6910F05319768FA3009968AD /* ModAccessoriesStore.h */ = {isa = PBXFileReference; fileEncoding = 4; lastKnownFileType = sourcecode.c.h; path = ModAccessoriesStore.h; sourceTree = "<group>"; };
		6910F05419768FA3009968AD /* ModAccessoriesStore.m */ = {isa = PBXFileReference; fileEncoding = 4; lastKnownFileType = sourcecode.c.objc; path = ModAccessoriesStore.m; sourceTree = "<group>"; };
		691852DA197542470098974F /* modafy.app */ = {isa = PBXFileReference; explicitFileType = wrapper.application; includeInIndex = 0; path = modafy.app; sourceTree = BUILT_PRODUCTS_DIR; };
		691852DD197542470098974F /* Foundation.framework */ = {isa = PBXFileReference; lastKnownFileType = wrapper.framework; name = Foundation.framework; path = System/Library/Frameworks/Foundation.framework; sourceTree = SDKROOT; };
		691852DF197542470098974F /* CoreGraphics.framework */ = {isa = PBXFileReference; lastKnownFileType = wrapper.framework; name = CoreGraphics.framework; path = System/Library/Frameworks/CoreGraphics.framework; sourceTree = SDKROOT; };
		691852E1197542470098974F /* UIKit.framework */ = {isa = PBXFileReference; lastKnownFileType = wrapper.framework; name = UIKit.framework; path = System/Library/Frameworks/UIKit.framework; sourceTree = SDKROOT; };
		691852E5197542470098974F /* modafy-Info.plist */ = {isa = PBXFileReference; lastKnownFileType = text.plist.xml; path = "modafy-Info.plist"; sourceTree = "<group>"; };
		691852E7197542470098974F /* en */ = {isa = PBXFileReference; lastKnownFileType = text.plist.strings; name = en; path = en.lproj/InfoPlist.strings; sourceTree = "<group>"; };
		691852E9197542470098974F /* main.m */ = {isa = PBXFileReference; lastKnownFileType = sourcecode.c.objc; path = main.m; sourceTree = "<group>"; };
		691852EB197542470098974F /* modafy-Prefix.pch */ = {isa = PBXFileReference; lastKnownFileType = sourcecode.c.h; path = "modafy-Prefix.pch"; sourceTree = "<group>"; };
		691852EC197542470098974F /* ModAppDelegate.h */ = {isa = PBXFileReference; lastKnownFileType = sourcecode.c.h; path = ModAppDelegate.h; sourceTree = "<group>"; };
		691852ED197542470098974F /* ModAppDelegate.m */ = {isa = PBXFileReference; lastKnownFileType = sourcecode.c.objc; path = ModAppDelegate.m; sourceTree = "<group>"; };
		691852F0197542470098974F /* Base */ = {isa = PBXFileReference; lastKnownFileType = file.storyboard; name = Base; path = Base.lproj/Main.storyboard; sourceTree = "<group>"; };
		691852F2197542470098974F /* ModViewController.h */ = {isa = PBXFileReference; lastKnownFileType = sourcecode.c.h; path = ModViewController.h; sourceTree = "<group>"; };
		691852F3197542470098974F /* ModViewController.m */ = {isa = PBXFileReference; lastKnownFileType = sourcecode.c.objc; path = ModViewController.m; sourceTree = "<group>"; };
		691852F5197542470098974F /* Images.xcassets */ = {isa = PBXFileReference; lastKnownFileType = folder.assetcatalog; path = Images.xcassets; sourceTree = "<group>"; };
		691852FB197542470098974F /* modafyTests.xctest */ = {isa = PBXFileReference; explicitFileType = wrapper.cfbundle; includeInIndex = 0; path = modafyTests.xctest; sourceTree = BUILT_PRODUCTS_DIR; };
		691852FC197542470098974F /* XCTest.framework */ = {isa = PBXFileReference; lastKnownFileType = wrapper.framework; name = XCTest.framework; path = Library/Frameworks/XCTest.framework; sourceTree = DEVELOPER_DIR; };
		69185304197542470098974F /* modafyTests-Info.plist */ = {isa = PBXFileReference; lastKnownFileType = text.plist.xml; path = "modafyTests-Info.plist"; sourceTree = "<group>"; };
		69185306197542470098974F /* en */ = {isa = PBXFileReference; lastKnownFileType = text.plist.strings; name = en; path = en.lproj/InfoPlist.strings; sourceTree = "<group>"; };
		69185308197542470098974F /* modafyTests.m */ = {isa = PBXFileReference; lastKnownFileType = sourcecode.c.objc; path = modafyTests.m; sourceTree = "<group>"; };
		6921375619767A300062023C /* ModItems.h */ = {isa = PBXFileReference; fileEncoding = 4; lastKnownFileType = sourcecode.c.h; path = ModItems.h; sourceTree = "<group>"; };
		6921375719767A300062023C /* ModItems.m */ = {isa = PBXFileReference; fileEncoding = 4; lastKnownFileType = sourcecode.c.objc; path = ModItems.m; sourceTree = "<group>"; };
		6921375B19767B490062023C /* ModBag.h */ = {isa = PBXFileReference; fileEncoding = 4; lastKnownFileType = sourcecode.c.h; path = ModBag.h; sourceTree = "<group>"; };
		6921375C19767B490062023C /* ModBag.m */ = {isa = PBXFileReference; fileEncoding = 4; lastKnownFileType = sourcecode.c.objc; path = ModBag.m; sourceTree = "<group>"; };
		6921375E19767B6A0062023C /* ModBagStore.h */ = {isa = PBXFileReference; fileEncoding = 4; lastKnownFileType = sourcecode.c.h; path = ModBagStore.h; sourceTree = "<group>"; };
		6921375F19767B6A0062023C /* ModBagStore.m */ = {isa = PBXFileReference; fileEncoding = 4; lastKnownFileType = sourcecode.c.objc; path = ModBagStore.m; sourceTree = "<group>"; };
		69B6231B1976688F0028AC51 /* ModShoeStore.h */ = {isa = PBXFileReference; fileEncoding = 4; lastKnownFileType = sourcecode.c.h; path = ModShoeStore.h; sourceTree = "<group>"; };
		69B6231C1976688F0028AC51 /* ModShoeStore.m */ = {isa = PBXFileReference; fileEncoding = 4; lastKnownFileType = sourcecode.c.objc; path = ModShoeStore.m; sourceTree = "<group>"; };
		69B6231E197668D60028AC51 /* ModShoe.h */ = {isa = PBXFileReference; fileEncoding = 4; lastKnownFileType = sourcecode.c.h; path = ModShoe.h; sourceTree = "<group>"; };
		69B6231F197668D60028AC51 /* ModShoe.m */ = {isa = PBXFileReference; fileEncoding = 4; lastKnownFileType = sourcecode.c.objc; path = ModShoe.m; sourceTree = "<group>"; };
		69CFD72F19755241008243B5 /* ModClothing.h */ = {isa = PBXFileReference; fileEncoding = 4; lastKnownFileType = sourcecode.c.h; path = ModClothing.h; sourceTree = "<group>"; };
		69CFD73019755241008243B5 /* ModClothing.m */ = {isa = PBXFileReference; fileEncoding = 4; lastKnownFileType = sourcecode.c.objc; path = ModClothing.m; sourceTree = "<group>"; };
		69CFD73119755241008243B5 /* ModPants.h */ = {isa = PBXFileReference; fileEncoding = 4; lastKnownFileType = sourcecode.c.h; path = ModPants.h; sourceTree = "<group>"; };
		69CFD73219755241008243B5 /* ModPants.m */ = {isa = PBXFileReference; fileEncoding = 4; lastKnownFileType = sourcecode.c.objc; path = ModPants.m; sourceTree = "<group>"; };
		69CFD73319755241008243B5 /* ModShirt.h */ = {isa = PBXFileReference; fileEncoding = 4; lastKnownFileType = sourcecode.c.h; path = ModShirt.h; sourceTree = "<group>"; };
		69CFD73419755241008243B5 /* ModShirt.m */ = {isa = PBXFileReference; fileEncoding = 4; lastKnownFileType = sourcecode.c.objc; path = ModShirt.m; sourceTree = "<group>"; };
		69CFD73519755241008243B5 /* ModTopStore.h */ = {isa = PBXFileReference; fileEncoding = 4; lastKnownFileType = sourcecode.c.h; path = ModTopStore.h; sourceTree = "<group>"; };
		69CFD73619755241008243B5 /* ModTopStore.m */ = {isa = PBXFileReference; fileEncoding = 4; lastKnownFileType = sourcecode.c.objc; path = ModTopStore.m; sourceTree = "<group>"; };
		69CFD73F1975757A008243B5 /* ModPantsStore.h */ = {isa = PBXFileReference; fileEncoding = 4; lastKnownFileType = sourcecode.c.h; path = ModPantsStore.h; sourceTree = "<group>"; };
		69CFD7401975757A008243B5 /* ModPantsStore.m */ = {isa = PBXFileReference; fileEncoding = 4; lastKnownFileType = sourcecode.c.objc; path = ModPantsStore.m; sourceTree = "<group>"; };
		69CFD74819758FF0008243B5 /* b3.png */ = {isa = PBXFileReference; lastKnownFileType = image.png; name = b3.png; path = ../../../Downloads/b3.png; sourceTree = "<group>"; };
		69CFD74A19758FF8008243B5 /* b4.png */ = {isa = PBXFileReference; lastKnownFileType = image.png; name = b4.png; path = ../../../Downloads/b4.png; sourceTree = "<group>"; };
		D3015C2919766B6800564254 /* shirt4.png */ = {isa = PBXFileReference; lastKnownFileType = image.png; path = shirt4.png; sourceTree = "<group>"; };
		D3015C2B19766C1200564254 /* long35.png */ = {isa = PBXFileReference; lastKnownFileType = image.png; path = long35.png; sourceTree = "<group>"; };
		D3015C2C19766C1200564254 /* ripped1.png */ = {isa = PBXFileReference; lastKnownFileType = image.png; path = ripped1.png; sourceTree = "<group>"; };
		D3015C2F19766C9000564254 /* platform1.png */ = {isa = PBXFileReference; lastKnownFileType = image.png; path = platform1.png; sourceTree = "<group>"; };
		D3015C3019766C9000564254 /* sandals2.png */ = {isa = PBXFileReference; lastKnownFileType = image.png; path = sandals2.png; sourceTree = "<group>"; };
		D3015C3319766F9400564254 /* s20.png */ = {isa = PBXFileReference; lastKnownFileType = image.png; path = s20.png; sourceTree = "<group>"; };
		D3015C3519766F9C00564254 /* s11.png */ = {isa = PBXFileReference; lastKnownFileType = image.png; path = s11.png; sourceTree = "<group>"; };
		D3015C3719766FA400564254 /* s1.png */ = {isa = PBXFileReference; lastKnownFileType = image.png; path = s1.png; sourceTree = "<group>"; };
		D330F5A519767663005CAA9B /* a3.png */ = {isa = PBXFileReference; lastKnownFileType = image.png; path = a3.png; sourceTree = "<group>"; };
		D330F5A7197676EF005CAA9B /* black269.png */ = {isa = PBXFileReference; lastKnownFileType = image.png; path = black269.png; sourceTree = "<group>"; };
		D330F5A919767825005CAA9B /* scarf.jpeg */ = {isa = PBXFileReference; lastKnownFileType = image.jpeg; path = scarf.jpeg; sourceTree = "<group>"; };
		D330F5AB197678E0005CAA9B /* pearls.png */ = {isa = PBXFileReference; lastKnownFileType = image.png; path = pearls.png; sourceTree = "<group>"; };
		D330F5AD19767958005CAA9B /* b10.png */ = {isa = PBXFileReference; lastKnownFileType = image.png; path = b10.png; sourceTree = "<group>"; };
		D330F5AF19767A62005CAA9B /* t12.png */ = {isa = PBXFileReference; lastKnownFileType = image.png; path = t12.png; sourceTree = "<group>"; };
		D330F5B119767A83005CAA9B /* t5.png */ = {isa = PBXFileReference; lastKnownFileType = image.png; path = t5.png; sourceTree = "<group>"; };
		D330F5B319767AC4005CAA9B /* t2.png */ = {isa = PBXFileReference; lastKnownFileType = image.png; path = t2.png; sourceTree = "<group>"; };
		D330F5B519767B47005CAA9B /* s15.png */ = {isa = PBXFileReference; lastKnownFileType = image.png; path = s15.png; sourceTree = "<group>"; };
		D330F5B919767FD3005CAA9B /* modafy.png */ = {isa = PBXFileReference; lastKnownFileType = image.png; path = modafy.png; sourceTree = "<group>"; };
		D330F5BB197680E3005CAA9B /* a4.png */ = {isa = PBXFileReference; lastKnownFileType = image.png; path = a4.png; sourceTree = "<group>"; };
		D3CF80371976680F008ADDEC /* b4.png */ = {isa = PBXFileReference; lastKnownFileType = image.png; path = b4.png; sourceTree = "<group>"; };
		D3CF803919766814008ADDEC /* b3.png */ = {isa = PBXFileReference; lastKnownFileType = image.png; path = b3.png; sourceTree = "<group>"; };
		D3EFB59319755911003602C1 /* lions-shirt.png */ = {isa = PBXFileReference; lastKnownFileType = image.png; path = "lions-shirt.png"; sourceTree = "<group>"; };
		D3EFB59419755911003602C1 /* RD-T-Shirt.png */ = {isa = PBXFileReference; lastKnownFileType = image.png; path = "RD-T-Shirt.png"; sourceTree = "<group>"; };
/* End PBXFileReference section */

/* Begin PBXFrameworksBuildPhase section */
		691852D7197542470098974F /* Frameworks */ = {
			isa = PBXFrameworksBuildPhase;
			buildActionMask = 2147483647;
			files = (
				691852E0197542470098974F /* CoreGraphics.framework in Frameworks */,
				691852E2197542470098974F /* UIKit.framework in Frameworks */,
				691852DE197542470098974F /* Foundation.framework in Frameworks */,
			);
			runOnlyForDeploymentPostprocessing = 0;
		};
		691852F8197542470098974F /* Frameworks */ = {
			isa = PBXFrameworksBuildPhase;
			buildActionMask = 2147483647;
			files = (
				691852FD197542470098974F /* XCTest.framework in Frameworks */,
				691852FF197542470098974F /* UIKit.framework in Frameworks */,
				691852FE197542470098974F /* Foundation.framework in Frameworks */,
			);
			runOnlyForDeploymentPostprocessing = 0;
		};
/* End PBXFrameworksBuildPhase section */

/* Begin PBXGroup section */
		691852D1197542470098974F = {
			isa = PBXGroup;
			children = (
				691852E3197542470098974F /* modafy */,
				69185302197542470098974F /* modafyTests */,
				691852DC197542470098974F /* Frameworks */,
				691852DB197542470098974F /* Products */,
			);
			sourceTree = "<group>";
		};
		691852DB197542470098974F /* Products */ = {
			isa = PBXGroup;
			children = (
				691852DA197542470098974F /* modafy.app */,
				691852FB197542470098974F /* modafyTests.xctest */,
			);
			name = Products;
			sourceTree = "<group>";
		};
		691852DC197542470098974F /* Frameworks */ = {
			isa = PBXGroup;
			children = (
				691852DD197542470098974F /* Foundation.framework */,
				691852DF197542470098974F /* CoreGraphics.framework */,
				691852E1197542470098974F /* UIKit.framework */,
				691852FC197542470098974F /* XCTest.framework */,
			);
			name = Frameworks;
			sourceTree = "<group>";
		};
		691852E3197542470098974F /* modafy */ = {
			isa = PBXGroup;
			children = (
				691852EC197542470098974F /* ModAppDelegate.h */,
				691852ED197542470098974F /* ModAppDelegate.m */,
				691852EF197542470098974F /* Main.storyboard */,
				691852F2197542470098974F /* ModViewController.h */,
				691852F3197542470098974F /* ModViewController.m */,
				69CFD72E19755241008243B5 /* Models */,
				691852F5197542470098974F /* Images.xcassets */,
				691852E4197542470098974F /* Supporting Files */,
			);
			path = modafy;
			sourceTree = "<group>";
		};
		691852E4197542470098974F /* Supporting Files */ = {
			isa = PBXGroup;
			children = (
				D330F5BB197680E3005CAA9B /* a4.png */,
				D330F5B919767FD3005CAA9B /* modafy.png */,
				D330F5B519767B47005CAA9B /* s15.png */,
				D330F5B319767AC4005CAA9B /* t2.png */,
				D330F5B119767A83005CAA9B /* t5.png */,
				D330F5AF19767A62005CAA9B /* t12.png */,
				D330F5AD19767958005CAA9B /* b10.png */,
				D330F5AB197678E0005CAA9B /* pearls.png */,
				D330F5A919767825005CAA9B /* scarf.jpeg */,
				D330F5A7197676EF005CAA9B /* black269.png */,
				D330F5A519767663005CAA9B /* a3.png */,
				D3015C3719766FA400564254 /* s1.png */,
				D3015C3519766F9C00564254 /* s11.png */,
				D3015C3319766F9400564254 /* s20.png */,
				D3015C2F19766C9000564254 /* platform1.png */,
				D3015C3019766C9000564254 /* sandals2.png */,
				D3015C2B19766C1200564254 /* long35.png */,
				D3015C2C19766C1200564254 /* ripped1.png */,
				D3015C2919766B6800564254 /* shirt4.png */,
				D3CF803919766814008ADDEC /* b3.png */,
				D3CF80371976680F008ADDEC /* b4.png */,
				69CFD74A19758FF8008243B5 /* b4.png */,
				69CFD74819758FF0008243B5 /* b3.png */,
				D3EFB59319755911003602C1 /* lions-shirt.png */,
				D3EFB59419755911003602C1 /* RD-T-Shirt.png */,
				691852E5197542470098974F /* modafy-Info.plist */,
				691852E6197542470098974F /* InfoPlist.strings */,
				691852E9197542470098974F /* main.m */,
				691852EB197542470098974F /* modafy-Prefix.pch */,
			);
			name = "Supporting Files";
			sourceTree = "<group>";
		};
		69185302197542470098974F /* modafyTests */ = {
			isa = PBXGroup;
			children = (
				69185308197542470098974F /* modafyTests.m */,
				69185303197542470098974F /* Supporting Files */,
			);
			path = modafyTests;
			sourceTree = "<group>";
		};
		69185303197542470098974F /* Supporting Files */ = {
			isa = PBXGroup;
			children = (
				69185304197542470098974F /* modafyTests-Info.plist */,
				69185305197542470098974F /* InfoPlist.strings */,
			);
			name = "Supporting Files";
			sourceTree = "<group>";
		};
		6921375919767A390062023C /* Clothes */ = {
			isa = PBXGroup;
			children = (
				69CFD72F19755241008243B5 /* ModClothing.h */,
				69CFD73019755241008243B5 /* ModClothing.m */,
				69B6231E197668D60028AC51 /* ModShoe.h */,
				69B6231F197668D60028AC51 /* ModShoe.m */,
				69CFD73119755241008243B5 /* ModPants.h */,
				69CFD73219755241008243B5 /* ModPants.m */,
				69CFD73319755241008243B5 /* ModShirt.h */,
				69CFD73419755241008243B5 /* ModShirt.m */,
			);
			name = Clothes;
			sourceTree = "<group>";
		};
		6921375A19767A6A0062023C /* Items */ = {
			isa = PBXGroup;
			children = (
				6910F05019768F7B009968AD /* ModAccessories.h */,
				6910F05119768F7B009968AD /* ModAccessories.m */,
				6921375B19767B490062023C /* ModBag.h */,
				6921375C19767B490062023C /* ModBag.m */,
				6921375619767A300062023C /* ModItems.h */,
				6921375719767A300062023C /* ModItems.m */,
			);
			name = Items;
			sourceTree = "<group>";
		};
		69CFD72E19755241008243B5 /* Models */ = {
			isa = PBXGroup;
			children = (
				6921375919767A390062023C /* Clothes */,
				6921375A19767A6A0062023C /* Items */,
				69CFD73B19755258008243B5 /* Stores */,
			);
			path = Models;
			sourceTree = "<group>";
		};
		69CFD73B19755258008243B5 /* Stores */ = {
			isa = PBXGroup;
			children = (
				6910F05319768FA3009968AD /* ModAccessoriesStore.h */,
				6910F05419768FA3009968AD /* ModAccessoriesStore.m */,
				6921375E19767B6A0062023C /* ModBagStore.h */,
				6921375F19767B6A0062023C /* ModBagStore.m */,
				69B6231B1976688F0028AC51 /* ModShoeStore.h */,
				69B6231C1976688F0028AC51 /* ModShoeStore.m */,
				69CFD73F1975757A008243B5 /* ModPantsStore.h */,
				69CFD7401975757A008243B5 /* ModPantsStore.m */,
				69CFD73519755241008243B5 /* ModTopStore.h */,
				69CFD73619755241008243B5 /* ModTopStore.m */,
			);
			name = Stores;
			sourceTree = "<group>";
		};
/* End PBXGroup section */

/* Begin PBXNativeTarget section */
		691852D9197542470098974F /* modafy */ = {
			isa = PBXNativeTarget;
			buildConfigurationList = 6918530C197542470098974F /* Build configuration list for PBXNativeTarget "modafy" */;
			buildPhases = (
				691852D6197542470098974F /* Sources */,
				691852D7197542470098974F /* Frameworks */,
				691852D8197542470098974F /* Resources */,
			);
			buildRules = (
			);
			dependencies = (
			);
			name = modafy;
			productName = modafy;
			productReference = 691852DA197542470098974F /* modafy.app */;
			productType = "com.apple.product-type.application";
		};
		691852FA197542470098974F /* modafyTests */ = {
			isa = PBXNativeTarget;
			buildConfigurationList = 6918530F197542470098974F /* Build configuration list for PBXNativeTarget "modafyTests" */;
			buildPhases = (
				691852F7197542470098974F /* Sources */,
				691852F8197542470098974F /* Frameworks */,
				691852F9197542470098974F /* Resources */,
			);
			buildRules = (
			);
			dependencies = (
				69185301197542470098974F /* PBXTargetDependency */,
			);
			name = modafyTests;
			productName = modafyTests;
			productReference = 691852FB197542470098974F /* modafyTests.xctest */;
			productType = "com.apple.product-type.bundle.unit-test";
		};
/* End PBXNativeTarget section */

/* Begin PBXProject section */
		691852D2197542470098974F /* Project object */ = {
			isa = PBXProject;
			attributes = {
				CLASSPREFIX = Mod;
				LastUpgradeCheck = 0510;
				ORGANIZATIONNAME = Modafy;
				TargetAttributes = {
					691852FA197542470098974F = {
						TestTargetID = 691852D9197542470098974F;
					};
				};
			};
			buildConfigurationList = 691852D5197542470098974F /* Build configuration list for PBXProject "modafy" */;
			compatibilityVersion = "Xcode 3.2";
			developmentRegion = English;
			hasScannedForEncodings = 0;
			knownRegions = (
				en,
				Base,
			);
			mainGroup = 691852D1197542470098974F;
			productRefGroup = 691852DB197542470098974F /* Products */;
			projectDirPath = "";
			projectRoot = "";
			targets = (
				691852D9197542470098974F /* modafy */,
				691852FA197542470098974F /* modafyTests */,
			);
		};
/* End PBXProject section */

/* Begin PBXResourcesBuildPhase section */
		691852D8197542470098974F /* Resources */ = {
			isa = PBXResourcesBuildPhase;
			buildActionMask = 2147483647;
			files = (
				D3CF803A19766814008ADDEC /* b3.png in Resources */,
				D330F5B619767B47005CAA9B /* s15.png in Resources */,
				D3015C2D19766C1200564254 /* long35.png in Resources */,
				69CFD74919758FF0008243B5 /* b3.png in Resources */,
				D330F5BA19767FD3005CAA9B /* modafy.png in Resources */,
				D3015C3419766F9400564254 /* s20.png in Resources */,
				D3015C3119766C9000564254 /* platform1.png in Resources */,
				D330F5A619767663005CAA9B /* a3.png in Resources */,
				691852F6197542470098974F /* Images.xcassets in Resources */,
				691852E8197542470098974F /* InfoPlist.strings in Resources */,
				69CFD74B19758FF8008243B5 /* b4.png in Resources */,
				D3015C2A19766B6900564254 /* shirt4.png in Resources */,
				D330F5B219767A83005CAA9B /* t5.png in Resources */,
				D3EFB59519755911003602C1 /* lions-shirt.png in Resources */,
				D330F5B019767A62005CAA9B /* t12.png in Resources */,
				691852F1197542470098974F /* Main.storyboard in Resources */,
				D330F5A8197676EF005CAA9B /* black269.png in Resources */,
				D330F5B419767AC4005CAA9B /* t2.png in Resources */,
				D330F5BC197680E3005CAA9B /* a4.png in Resources */,
				D3EFB59619755911003602C1 /* RD-T-Shirt.png in Resources */,
				D3015C3819766FA400564254 /* s1.png in Resources */,
				D3CF80381976680F008ADDEC /* b4.png in Resources */,
				D3015C2E19766C1200564254 /* ripped1.png in Resources */,
				D330F5AC197678E0005CAA9B /* pearls.png in Resources */,
				D330F5AA19767825005CAA9B /* scarf.jpeg in Resources */,
				D3015C3219766C9000564254 /* sandals2.png in Resources */,
				D3015C3619766F9C00564254 /* s11.png in Resources */,
				D330F5AE19767958005CAA9B /* b10.png in Resources */,
			);
			runOnlyForDeploymentPostprocessing = 0;
		};
		691852F9197542470098974F /* Resources */ = {
			isa = PBXResourcesBuildPhase;
			buildActionMask = 2147483647;
			files = (
				69185307197542470098974F /* InfoPlist.strings in Resources */,
			);
			runOnlyForDeploymentPostprocessing = 0;
		};
/* End PBXResourcesBuildPhase section */

/* Begin PBXSourcesBuildPhase section */
		691852D6197542470098974F /* Sources */ = {
			isa = PBXSourcesBuildPhase;
			buildActionMask = 2147483647;
			files = (
				69CFD73719755241008243B5 /* ModClothing.m in Sources */,
				6921375819767A300062023C /* ModItems.m in Sources */,
				69CFD73819755241008243B5 /* ModPants.m in Sources */,
				69B6231D1976688F0028AC51 /* ModShoeStore.m in Sources */,
				691852EA197542470098974F /* main.m in Sources */,
				6921375D19767B490062023C /* ModBag.m in Sources */,
				691852F4197542470098974F /* ModViewController.m in Sources */,
				691852EE197542470098974F /* ModAppDelegate.m in Sources */,
				6921376019767B6A0062023C /* ModBagStore.m in Sources */,
				69CFD7411975757A008243B5 /* ModPantsStore.m in Sources */,
				69CFD73919755241008243B5 /* ModShirt.m in Sources */,
				69CFD73A19755241008243B5 /* ModTopStore.m in Sources */,
				69B62320197668D60028AC51 /* ModShoe.m in Sources */,
				6910F05219768F7B009968AD /* ModAccessories.m in Sources */,
				6910F05519768FA3009968AD /* ModAccessoriesStore.m in Sources */,
			);
			runOnlyForDeploymentPostprocessing = 0;
		};
		691852F7197542470098974F /* Sources */ = {
			isa = PBXSourcesBuildPhase;
			buildActionMask = 2147483647;
			files = (
				69185309197542470098974F /* modafyTests.m in Sources */,
			);
			runOnlyForDeploymentPostprocessing = 0;
		};
/* End PBXSourcesBuildPhase section */

/* Begin PBXTargetDependency section */
		69185301197542470098974F /* PBXTargetDependency */ = {
			isa = PBXTargetDependency;
			target = 691852D9197542470098974F /* modafy */;
			targetProxy = 69185300197542470098974F /* PBXContainerItemProxy */;
		};
/* End PBXTargetDependency section */

/* Begin PBXVariantGroup section */
		691852E6197542470098974F /* InfoPlist.strings */ = {
			isa = PBXVariantGroup;
			children = (
				691852E7197542470098974F /* en */,
			);
			name = InfoPlist.strings;
			sourceTree = "<group>";
		};
		691852EF197542470098974F /* Main.storyboard */ = {
			isa = PBXVariantGroup;
			children = (
				691852F0197542470098974F /* Base */,
			);
			name = Main.storyboard;
			sourceTree = "<group>";
		};
		69185305197542470098974F /* InfoPlist.strings */ = {
			isa = PBXVariantGroup;
			children = (
				69185306197542470098974F /* en */,
			);
			name = InfoPlist.strings;
			sourceTree = "<group>";
		};
/* End PBXVariantGroup section */

/* Begin XCBuildConfiguration section */
		6918530A197542470098974F /* Debug */ = {
			isa = XCBuildConfiguration;
			buildSettings = {
				ALWAYS_SEARCH_USER_PATHS = NO;
				CLANG_CXX_LANGUAGE_STANDARD = "gnu++0x";
				CLANG_CXX_LIBRARY = "libc++";
				CLANG_ENABLE_MODULES = YES;
				CLANG_ENABLE_OBJC_ARC = YES;
				CLANG_WARN_BOOL_CONVERSION = YES;
				CLANG_WARN_CONSTANT_CONVERSION = YES;
				CLANG_WARN_DIRECT_OBJC_ISA_USAGE = YES_ERROR;
				CLANG_WARN_EMPTY_BODY = YES;
				CLANG_WARN_ENUM_CONVERSION = YES;
				CLANG_WARN_INT_CONVERSION = YES;
				CLANG_WARN_OBJC_ROOT_CLASS = YES_ERROR;
				CLANG_WARN__DUPLICATE_METHOD_MATCH = YES;
				"CODE_SIGN_IDENTITY[sdk=iphoneos*]" = "iPhone Developer";
				COPY_PHASE_STRIP = NO;
				GCC_C_LANGUAGE_STANDARD = gnu99;
				GCC_DYNAMIC_NO_PIC = NO;
				GCC_OPTIMIZATION_LEVEL = 0;
				GCC_PREPROCESSOR_DEFINITIONS = (
					"DEBUG=1",
					"$(inherited)",
				);
				GCC_SYMBOLS_PRIVATE_EXTERN = NO;
				GCC_WARN_64_TO_32_BIT_CONVERSION = YES;
				GCC_WARN_ABOUT_RETURN_TYPE = YES_ERROR;
				GCC_WARN_UNDECLARED_SELECTOR = YES;
				GCC_WARN_UNINITIALIZED_AUTOS = YES_AGGRESSIVE;
				GCC_WARN_UNUSED_FUNCTION = YES;
				GCC_WARN_UNUSED_VARIABLE = YES;
				IPHONEOS_DEPLOYMENT_TARGET = 7.1;
				ONLY_ACTIVE_ARCH = YES;
				SDKROOT = iphoneos;
			};
			name = Debug;
		};
		6918530B197542470098974F /* Release */ = {
			isa = XCBuildConfiguration;
			buildSettings = {
				ALWAYS_SEARCH_USER_PATHS = NO;
				CLANG_CXX_LANGUAGE_STANDARD = "gnu++0x";
				CLANG_CXX_LIBRARY = "libc++";
				CLANG_ENABLE_MODULES = YES;
				CLANG_ENABLE_OBJC_ARC = YES;
				CLANG_WARN_BOOL_CONVERSION = YES;
				CLANG_WARN_CONSTANT_CONVERSION = YES;
				CLANG_WARN_DIRECT_OBJC_ISA_USAGE = YES_ERROR;
				CLANG_WARN_EMPTY_BODY = YES;
				CLANG_WARN_ENUM_CONVERSION = YES;
				CLANG_WARN_INT_CONVERSION = YES;
				CLANG_WARN_OBJC_ROOT_CLASS = YES_ERROR;
				CLANG_WARN__DUPLICATE_METHOD_MATCH = YES;
				"CODE_SIGN_IDENTITY[sdk=iphoneos*]" = "iPhone Developer";
				COPY_PHASE_STRIP = YES;
				ENABLE_NS_ASSERTIONS = NO;
				GCC_C_LANGUAGE_STANDARD = gnu99;
				GCC_WARN_64_TO_32_BIT_CONVERSION = YES;
				GCC_WARN_ABOUT_RETURN_TYPE = YES_ERROR;
				GCC_WARN_UNDECLARED_SELECTOR = YES;
				GCC_WARN_UNINITIALIZED_AUTOS = YES_AGGRESSIVE;
				GCC_WARN_UNUSED_FUNCTION = YES;
				GCC_WARN_UNUSED_VARIABLE = YES;
				IPHONEOS_DEPLOYMENT_TARGET = 7.1;
				SDKROOT = iphoneos;
				VALIDATE_PRODUCT = YES;
			};
			name = Release;
		};
		6918530D197542470098974F /* Debug */ = {
			isa = XCBuildConfiguration;
			buildSettings = {
				ASSETCATALOG_COMPILER_APPICON_NAME = AppIcon;
				ASSETCATALOG_COMPILER_LAUNCHIMAGE_NAME = LaunchImage;
				GCC_PRECOMPILE_PREFIX_HEADER = YES;
				GCC_PREFIX_HEADER = "modafy/modafy-Prefix.pch";
				INFOPLIST_FILE = "modafy/modafy-Info.plist";
				PRODUCT_NAME = "$(TARGET_NAME)";
				WRAPPER_EXTENSION = app;
			};
			name = Debug;
		};
		6918530E197542470098974F /* Release */ = {
			isa = XCBuildConfiguration;
			buildSettings = {
				ASSETCATALOG_COMPILER_APPICON_NAME = AppIcon;
				ASSETCATALOG_COMPILER_LAUNCHIMAGE_NAME = LaunchImage;
				GCC_PRECOMPILE_PREFIX_HEADER = YES;
				GCC_PREFIX_HEADER = "modafy/modafy-Prefix.pch";
				INFOPLIST_FILE = "modafy/modafy-Info.plist";
				PRODUCT_NAME = "$(TARGET_NAME)";
				WRAPPER_EXTENSION = app;
			};
			name = Release;
		};
		69185310197542470098974F /* Debug */ = {
			isa = XCBuildConfiguration;
			buildSettings = {
				BUNDLE_LOADER = "$(BUILT_PRODUCTS_DIR)/modafy.app/modafy";
				FRAMEWORK_SEARCH_PATHS = (
					"$(SDKROOT)/Developer/Library/Frameworks",
					"$(inherited)",
					"$(DEVELOPER_FRAMEWORKS_DIR)",
				);
				GCC_PRECOMPILE_PREFIX_HEADER = YES;
				GCC_PREFIX_HEADER = "modafy/modafy-Prefix.pch";
				GCC_PREPROCESSOR_DEFINITIONS = (
					"DEBUG=1",
					"$(inherited)",
				);
				INFOPLIST_FILE = "modafyTests/modafyTests-Info.plist";
				PRODUCT_NAME = "$(TARGET_NAME)";
				TEST_HOST = "$(BUNDLE_LOADER)";
				WRAPPER_EXTENSION = xctest;
			};
			name = Debug;
		};
		69185311197542470098974F /* Release */ = {
			isa = XCBuildConfiguration;
			buildSettings = {
				BUNDLE_LOADER = "$(BUILT_PRODUCTS_DIR)/modafy.app/modafy";
				FRAMEWORK_SEARCH_PATHS = (
					"$(SDKROOT)/Developer/Library/Frameworks",
					"$(inherited)",
					"$(DEVELOPER_FRAMEWORKS_DIR)",
				);
				GCC_PRECOMPILE_PREFIX_HEADER = YES;
				GCC_PREFIX_HEADER = "modafy/modafy-Prefix.pch";
				INFOPLIST_FILE = "modafyTests/modafyTests-Info.plist";
				PRODUCT_NAME = "$(TARGET_NAME)";
				TEST_HOST = "$(BUNDLE_LOADER)";
				WRAPPER_EXTENSION = xctest;
			};
			name = Release;
		};
/* End XCBuildConfiguration section */

/* Begin XCConfigurationList section */
		691852D5197542470098974F /* Build configuration list for PBXProject "modafy" */ = {
			isa = XCConfigurationList;
			buildConfigurations = (
				6918530A197542470098974F /* Debug */,
				6918530B197542470098974F /* Release */,
			);
			defaultConfigurationIsVisible = 0;
			defaultConfigurationName = Release;
		};
		6918530C197542470098974F /* Build configuration list for PBXNativeTarget "modafy" */ = {
			isa = XCConfigurationList;
			buildConfigurations = (
				6918530D197542470098974F /* Debug */,
				6918530E197542470098974F /* Release */,
			);
			defaultConfigurationIsVisible = 0;
			defaultConfigurationName = Release;
		};
		6918530F197542470098974F /* Build configuration list for PBXNativeTarget "modafyTests" */ = {
			isa = XCConfigurationList;
			buildConfigurations = (
				69185310197542470098974F /* Debug */,
				69185311197542470098974F /* Release */,
			);
			defaultConfigurationIsVisible = 0;
			defaultConfigurationName = Release;
		};
/* End XCConfigurationList section */
	};
	rootObject = 691852D2197542470098974F /* Project object */;
}
